
Microsoft Visual Studio Solution File, Format Version 12.00
# Visual Studio 15
VisualStudioVersion = 15.0.27130.2036
MinimumVisualStudioVersion = 10.0.40219.1
Project("{FAE04EC0-301F-11D3-BF4B-00C04F79EFBC}") = "calculator", "calculator\calculator.csproj", "{DF39D86B-12EA-438B-8945-EBEE281E01F1}"
EndProject
Global
	GlobalSection(SolutionConfigurationPlatforms) = preSolution
		Debug|Any CPU = Debug|Any CPU
		Release|Any CPU = Release|Any CPU
	EndGlobalSection
	GlobalSection(ProjectConfigurationPlatforms) = postSolution
		{DF39D86B-12EA-438B-8945-EBEE281E01F1}.Debug|Any CPU.ActiveCfg = Debug|Any CPU
		{DF39D86B-12EA-438B-8945-EBEE281E01F1}.Debug|Any CPU.Build.0 = Debug|Any CPU
		{DF39D86B-12EA-438B-8945-EBEE281E01F1}.Release|Any CPU.ActiveCfg = Release|Any CPU
		{DF39D86B-12EA-438B-8945-EBEE281E01F1}.Release|Any CPU.Build.0 = Release|Any CPU
	EndGlobalSection
	GlobalSection(SolutionProperties) = preSolution
		HideSolutionNode = FALSE
	EndGlobalSection
	GlobalSection(ExtensibilityGlobals) = postSolution
		SolutionGuid = {5DC48A42-32F7-49AD-BE66-06FFEA6969E1}
	EndGlobalSection
EndGlobal
